
Microsoft Visual Studio Solution File, Format Version 12.00
# Visual Studio 15
VisualStudioVersion = 15.0.26430.16
MinimumVisualStudioVersion = 10.0.40219.1
Project("{FAE04EC0-301F-11D3-BF4B-00C04F79EFBC}") = "ICT365Assignment1", "ICT365Assignment1\ICT365Assignment1.csproj", "{E864514C-3CEC-4FCC-8479-C52C540DA370}"
EndProject
Project("{FAE04EC0-301F-11D3-BF4B-00C04F79EFBC}") = "ICT365Assignment1Tests", "ICT365Assignment1Tests\ICT365Assignment1Tests.csproj", "{856E3488-668B-4F43-8B27-703A379C649C}"
EndProject
Global
	GlobalSection(SolutionConfigurationPlatforms) = preSolution
		Debug|Any CPU = Debug|Any CPU
		Release|Any CPU = Release|Any CPU
	EndGlobalSection
	GlobalSection(ProjectConfigurationPlatforms) = postSolution
		{E864514C-3CEC-4FCC-8479-C52C540DA370}.Debug|Any CPU.ActiveCfg = Debug|Any CPU
		{E864514C-3CEC-4FCC-8479-C52C540DA370}.Debug|Any CPU.Build.0 = Debug|Any CPU
		{E864514C-3CEC-4FCC-8479-C52C540DA370}.Release|Any CPU.ActiveCfg = Release|Any CPU
		{E864514C-3CEC-4FCC-8479-C52C540DA370}.Release|Any CPU.Build.0 = Release|Any CPU
		{856E3488-668B-4F43-8B27-703A379C649C}.Debug|Any CPU.ActiveCfg = Debug|Any CPU
		{856E3488-668B-4F43-8B27-703A379C649C}.Debug|Any CPU.Build.0 = Debug|Any CPU
		{856E3488-668B-4F43-8B27-703A379C649C}.Release|Any CPU.ActiveCfg = Release|Any CPU
		{856E3488-668B-4F43-8B27-703A379C649C}.Release|Any CPU.Build.0 = Release|Any CPU
	EndGlobalSection
	GlobalSection(SolutionProperties) = preSolution
		HideSolutionNode = FALSE
	EndGlobalSection
EndGlobal
